
Microsoft Visual Studio Solution File, Format Version 12.00
# Visual Studio 14
VisualStudioVersion = 14.0.25420.1
MinimumVisualStudioVersion = 10.0.40219.1
Project("{FAE04EC0-301F-11D3-BF4B-00C04F79EFBC}") = "CarRental.View", "CarRental.View\CarRental.View.csproj", "{131A2452-EF17-48FA-8DD4-80A12CCED130}"
EndProject
Project("{FAE04EC0-301F-11D3-BF4B-00C04F79EFBC}") = "CarRental.Services", "CarRental.Services\CarRental.Services.csproj", "{91AFDD9B-2BEC-442A-9F78-2267275E046A}"
EndProject
Project("{FAE04EC0-301F-11D3-BF4B-00C04F79EFBC}") = "CarRental.Data", "CarRental.Data\CarRental.Data.csproj", "{477CA6FF-F7D7-41A7-84E0-CF1875474206}"
EndProject
Global
	GlobalSection(SolutionConfigurationPlatforms) = preSolution
		Debug|Any CPU = Debug|Any CPU
		Release|Any CPU = Release|Any CPU
	EndGlobalSection
	GlobalSection(ProjectConfigurationPlatforms) = postSolution
		{131A2452-EF17-48FA-8DD4-80A12CCED130}.Debug|Any CPU.ActiveCfg = Debug|Any CPU
		{131A2452-EF17-48FA-8DD4-80A12CCED130}.Debug|Any CPU.Build.0 = Debug|Any CPU
		{131A2452-EF17-48FA-8DD4-80A12CCED130}.Release|Any CPU.ActiveCfg = Release|Any CPU
		{131A2452-EF17-48FA-8DD4-80A12CCED130}.Release|Any CPU.Build.0 = Release|Any CPU
		{91AFDD9B-2BEC-442A-9F78-2267275E046A}.Debug|Any CPU.ActiveCfg = Debug|Any CPU
		{91AFDD9B-2BEC-442A-9F78-2267275E046A}.Debug|Any CPU.Build.0 = Debug|Any CPU
		{91AFDD9B-2BEC-442A-9F78-2267275E046A}.Release|Any CPU.ActiveCfg = Release|Any CPU
		{91AFDD9B-2BEC-442A-9F78-2267275E046A}.Release|Any CPU.Build.0 = Release|Any CPU
		{477CA6FF-F7D7-41A7-84E0-CF1875474206}.Debug|Any CPU.ActiveCfg = Debug|Any CPU
		{477CA6FF-F7D7-41A7-84E0-CF1875474206}.Debug|Any CPU.Build.0 = Debug|Any CPU
		{477CA6FF-F7D7-41A7-84E0-CF1875474206}.Release|Any CPU.ActiveCfg = Release|Any CPU
		{477CA6FF-F7D7-41A7-84E0-CF1875474206}.Release|Any CPU.Build.0 = Release|Any CPU
	EndGlobalSection
	GlobalSection(SolutionProperties) = preSolution
		HideSolutionNode = FALSE
	EndGlobalSection
EndGlobal
